
Microsoft Visual Studio Solution File, Format Version 12.00
# Visual Studio Version 16
VisualStudioVersion = 16.0.29709.97
MinimumVisualStudioVersion = 10.0.40219.1
Project("{FAE04EC0-301F-11D3-BF4B-00C04F79EFBC}") = "BankSystem", "BankSystem\BankSystem.csproj", "{59D3F3CC-4B91-495A-B1DA-C2128851E3DF}"
EndProject
Project("{FAE04EC0-301F-11D3-BF4B-00C04F79EFBC}") = "StartUpPoint", "StartUp\StartUpPoint.csproj", "{D6F0248E-1832-4A68-B9F2-3052FEF05261}"
EndProject
Project("{9A19103F-16F7-4668-BE54-9A1E7A4F7556}") = "Logging", "Logging\Logging.csproj", "{8CCBBDD9-DA34-49BC-96AB-2EA541FFDE86}"
EndProject
Global
	GlobalSection(SolutionConfigurationPlatforms) = preSolution
		Debug|Any CPU = Debug|Any CPU
		Release|Any CPU = Release|Any CPU
	EndGlobalSection
	GlobalSection(ProjectConfigurationPlatforms) = postSolution
		{59D3F3CC-4B91-495A-B1DA-C2128851E3DF}.Debug|Any CPU.ActiveCfg = Debug|Any CPU
		{59D3F3CC-4B91-495A-B1DA-C2128851E3DF}.Debug|Any CPU.Build.0 = Debug|Any CPU
		{59D3F3CC-4B91-495A-B1DA-C2128851E3DF}.Release|Any CPU.ActiveCfg = Release|Any CPU
		{59D3F3CC-4B91-495A-B1DA-C2128851E3DF}.Release|Any CPU.Build.0 = Release|Any CPU
		{D6F0248E-1832-4A68-B9F2-3052FEF05261}.Debug|Any CPU.ActiveCfg = Debug|Any CPU
		{D6F0248E-1832-4A68-B9F2-3052FEF05261}.Debug|Any CPU.Build.0 = Debug|Any CPU
		{D6F0248E-1832-4A68-B9F2-3052FEF05261}.Release|Any CPU.ActiveCfg = Release|Any CPU
		{D6F0248E-1832-4A68-B9F2-3052FEF05261}.Release|Any CPU.Build.0 = Release|Any CPU
		{8CCBBDD9-DA34-49BC-96AB-2EA541FFDE86}.Debug|Any CPU.ActiveCfg = Debug|Any CPU
		{8CCBBDD9-DA34-49BC-96AB-2EA541FFDE86}.Debug|Any CPU.Build.0 = Debug|Any CPU
		{8CCBBDD9-DA34-49BC-96AB-2EA541FFDE86}.Release|Any CPU.ActiveCfg = Release|Any CPU
		{8CCBBDD9-DA34-49BC-96AB-2EA541FFDE86}.Release|Any CPU.Build.0 = Release|Any CPU
	EndGlobalSection
	GlobalSection(SolutionProperties) = preSolution
		HideSolutionNode = FALSE
	EndGlobalSection
	GlobalSection(ExtensibilityGlobals) = postSolution
		SolutionGuid = {770EF994-2ECA-4AF6-891F-0BE9A2D1C893}
	EndGlobalSection
EndGlobal
